// !$*UTF8*$!
{
	archiveVersion = 1;
	classes = {
	};
	objectVersion = 77;
	objects = {

/* Begin PBXBuildFile section */
		36890AFB2F325FBC001B2671 /* FirebaseAnalytics in Frameworks */ = {isa = PBXBuildFile; productRef = 36890AFA2F325FBC001B2671 /* FirebaseAnalytics */; };
		36890AFD2F325FBC001B2671 /* FirebaseAnalyticsCore in Frameworks */ = {isa = PBXBuildFile; productRef = 36890AFC2F325FBC001B2671 /* FirebaseAnalyticsCore */; };
		36890AFF2F325FBC001B2671 /* FirebaseAuth in Frameworks */ = {isa = PBXBuildFile; productRef = 36890AFE2F325FBC001B2671 /* FirebaseAuth */; };
		36890B012F325FBC001B2671 /* FirebaseCore in Frameworks */ = {isa = PBXBuildFile; productRef = 36890B002F325FBC001B2671 /* FirebaseCore */; };
		36890B032F325FBC001B2671 /* FirebaseDatabase in Frameworks */ = {isa = PBXBuildFile; productRef = 36890B022F325FBC001B2671 /* FirebaseDatabase */; };
		36890B052F325FBC001B2671 /* FirebaseFirestore in Frameworks */ = {isa = PBXBuildFile; productRef = 36890B042F325FBC001B2671 /* FirebaseFirestore */; };
		C1230C502F310E7E0018DE7E /* MapboxNavigationCore in Frameworks */ = {isa = PBXBuildFile; productRef = C1230C4F2F310E7E0018DE7E /* MapboxNavigationCore */; };
		C1230C522F310E7E0018DE7E /* MapboxNavigationUIKit in Frameworks */ = {isa = PBXBuildFile; productRef = C1230C512F310E7E0018DE7E /* MapboxNavigationUIKit */; };
		C16F3C372F280D2F00FDE39A /* MapboxMaps in Frameworks */ = {isa = PBXBuildFile; productRef = C16F3C362F280D2F00FDE39A /* MapboxMaps */; };
/* End PBXBuildFile section */

/* Begin PBXFileReference section */
		C16F3C222F241A0600FDE39A /* triviataxi.app */ = {isa = PBXFileReference; explicitFileType = wrapper.application; includeInIndex = 0; path = triviataxi.app; sourceTree = BUILT_PRODUCTS_DIR; };
/* End PBXFileReference section */

/* Begin PBXFileSystemSynchronizedBuildFileExceptionSet section */
		C16F3C342F280BCA00FDE39A /* Exceptions for "triviataxi" folder in "triviataxi" target */ = {
			isa = PBXFileSystemSynchronizedBuildFileExceptionSet;
			membershipExceptions = (
				Info.plist,
			);
			target = C16F3C212F241A0600FDE39A /* triviataxi */;
		};
/* End PBXFileSystemSynchronizedBuildFileExceptionSet section */

/* Begin PBXFileSystemSynchronizedRootGroup section */
		C16F3C242F241A0600FDE39A /* triviataxi */ = {
			isa = PBXFileSystemSynchronizedRootGroup;
			exceptions = (
				C16F3C342F280BCA00FDE39A /* Exceptions for "triviataxi" folder in "triviataxi" target */,
			);
			path = triviataxi;
			sourceTree = "<group>";
		};
/* End PBXFileSystemSynchronizedRootGroup section */

/* Begin PBXFrameworksBuildPhase section */
		C16F3C1F2F241A0600FDE39A /* Frameworks */ = {
			isa = PBXFrameworksBuildPhase;
			buildActionMask = 2147483647;
			files = (
				C1230C522F310E7E0018DE7E /* MapboxNavigationUIKit in Frameworks */,
				36890AFF2F325FBC001B2671 /* FirebaseAuth in Frameworks */,
				C1230C502F310E7E0018DE7E /* MapboxNavigationCore in Frameworks */,
				36890AFD2F325FBC001B2671 /* FirebaseAnalyticsCore in Frameworks */,
				36890B012F325FBC001B2671 /* FirebaseCore in Frameworks */,
				36890B052F325FBC001B2671 /* FirebaseFirestore in Frameworks */,
				36890AFB2F325FBC001B2671 /* FirebaseAnalytics in Frameworks */,
				36890B032F325FBC001B2671 /* FirebaseDatabase in Frameworks */,
				C16F3C372F280D2F00FDE39A /* MapboxMaps in Frameworks */,
			);
			runOnlyForDeploymentPostprocessing = 0;
		};
/* End PBXFrameworksBuildPhase section */

/* Begin PBXGroup section */
		C16F3C192F241A0600FDE39A = {
			isa = PBXGroup;
			children = (
				C16F3C242F241A0600FDE39A /* triviataxi */,
				C16F3C382F28136500FDE39A /* Frameworks */,
				C16F3C232F241A0600FDE39A /* Products */,
			);
			sourceTree = "<group>";
		};
		C16F3C232F241A0600FDE39A /* Products */ = {
			isa = PBXGroup;
			children = (
				C16F3C222F241A0600FDE39A /* triviataxi.app */,
			);
			name = Products;
			sourceTree = "<group>";
		};
		C16F3C382F28136500FDE39A /* Frameworks */ = {
			isa = PBXGroup;
			children = (
			);
			name = Frameworks;
			sourceTree = "<group>";
		};
/* End PBXGroup section */

/* Begin PBXNativeTarget section */
		C16F3C212F241A0600FDE39A /* triviataxi */ = {
			isa = PBXNativeTarget;
			buildConfigurationList = C16F3C2D2F241A0800FDE39A /* Build configuration list for PBXNativeTarget "triviataxi" */;
			buildPhases = (
				C16F3C1E2F241A0600FDE39A /* Sources */,
				C16F3C1F2F241A0600FDE39A /* Frameworks */,
				C16F3C202F241A0600FDE39A /* Resources */,
			);
			buildRules = (
			);
			dependencies = (
			);
			fileSystemSynchronizedGroups = (
				C16F3C242F241A0600FDE39A /* triviataxi */,
			);
			name = triviataxi;
			packageProductDependencies = (
				C16F3C362F280D2F00FDE39A /* MapboxMaps */,
				C1230C4F2F310E7E0018DE7E /* MapboxNavigationCore */,
				C1230C512F310E7E0018DE7E /* MapboxNavigationUIKit */,
				36890AFA2F325FBC001B2671 /* FirebaseAnalytics */,
				36890AFC2F325FBC001B2671 /* FirebaseAnalyticsCore */,
				36890AFE2F325FBC001B2671 /* FirebaseAuth */,
				36890B002F325FBC001B2671 /* FirebaseCore */,
				36890B022F325FBC001B2671 /* FirebaseDatabase */,
				36890B042F325FBC001B2671 /* FirebaseFirestore */,
			);
			productName = triviataxi;
			productReference = C16F3C222F241A0600FDE39A /* triviataxi.app */;
			productType = "com.apple.product-type.application";
		};
/* End PBXNativeTarget section */

/* Begin PBXProject section */
		C16F3C1A2F241A0600FDE39A /* Project object */ = {
			isa = PBXProject;
			attributes = {
				BuildIndependentTargetsInParallel = 1;
				LastSwiftUpdateCheck = 2620;
				LastUpgradeCheck = 2620;
				TargetAttributes = {
					C16F3C212F241A0600FDE39A = {
						CreatedOnToolsVersion = 26.2;
					};
				};
			};
			buildConfigurationList = C16F3C1D2F241A0600FDE39A /* Build configuration list for PBXProject "triviataxi" */;
			developmentRegion = en;
			hasScannedForEncodings = 0;
			knownRegions = (
				en,
				Base,
			);
			mainGroup = C16F3C192F241A0600FDE39A;
			minimizedProjectReferenceProxies = 1;
			packageReferences = (
				C16F3C352F280D2F00FDE39A /* XCRemoteSwiftPackageReference "mapbox-maps-ios" */,
				C1230C4E2F310E7E0018DE7E /* XCRemoteSwiftPackageReference "mapbox-navigation-ios" */,
				36890AF92F325FBC001B2671 /* XCRemoteSwiftPackageReference "firebase-ios-sdk" */,
			);
			preferredProjectObjectVersion = 77;
			productRefGroup = C16F3C232F241A0600FDE39A /* Products */;
			projectDirPath = "";
			projectRoot = "";
			targets = (
				C16F3C212F241A0600FDE39A /* triviataxi */,
			);
		};
/* End PBXProject section */

/* Begin PBXResourcesBuildPhase section */
		C16F3C202F241A0600FDE39A /* Resources */ = {
			isa = PBXResourcesBuildPhase;
			buildActionMask = 2147483647;
			files = (
			);
			runOnlyForDeploymentPostprocessing = 0;
		};
/* End PBXResourcesBuildPhase section */

/* Begin PBXSourcesBuildPhase section */
		C16F3C1E2F241A0600FDE39A /* Sources */ = {
			isa = PBXSourcesBuildPhase;
			buildActionMask = 2147483647;
			files = (
			);
			runOnlyForDeploymentPostprocessing = 0;
		};
/* End PBXSourcesBuildPhase section */

/* Begin XCBuildConfiguration section */
		C16F3C2B2F241A0800FDE39A /* Debug */ = {
			isa = XCBuildConfiguration;
			buildSettings = {
				ALWAYS_SEARCH_USER_PATHS = NO;
				ASSETCATALOG_COMPILER_GENERATE_SWIFT_ASSET_SYMBOL_EXTENSIONS = YES;
				CLANG_ANALYZER_NONNULL = YES;
				CLANG_ANALYZER_NUMBER_OBJECT_CONVERSION = YES_AGGRESSIVE;
				CLANG_CXX_LANGUAGE_STANDARD = "gnu++20";
				CLANG_ENABLE_MODULES = YES;
				CLANG_ENABLE_OBJC_ARC = YES;
				CLANG_ENABLE_OBJC_WEAK = YES;
				CLANG_WARN_BLOCK_CAPTURE_AUTORELEASING = YES;
				CLANG_WARN_BOOL_CONVERSION = YES;
				CLANG_WARN_COMMA = YES;
				CLANG_WARN_CONSTANT_CONVERSION = YES;
				CLANG_WARN_DEPRECATED_OBJC_IMPLEMENTATIONS = YES;
				CLANG_WARN_DIRECT_OBJC_ISA_USAGE = YES_ERROR;
				CLANG_WARN_DOCUMENTATION_COMMENTS = YES;
				CLANG_WARN_EMPTY_BODY = YES;
				CLANG_WARN_ENUM_CONVERSION = YES;
				CLANG_WARN_INFINITE_RECURSION = YES;
				CLANG_WARN_INT_CONVERSION = YES;
				CLANG_WARN_NON_LITERAL_NULL_CONVERSION = YES;
				CLANG_WARN_OBJC_IMPLICIT_RETAIN_SELF = YES;
				CLANG_WARN_OBJC_LITERAL_CONVERSION = YES;
				CLANG_WARN_OBJC_ROOT_CLASS = YES_ERROR;
				CLANG_WARN_QUOTED_INCLUDE_IN_FRAMEWORK_HEADER = YES;
				CLANG_WARN_RANGE_LOOP_ANALYSIS = YES;
				CLANG_WARN_STRICT_PROTOTYPES = YES;
				CLANG_WARN_SUSPICIOUS_MOVE = YES;
				CLANG_WARN_UNGUARDED_AVAILABILITY = YES_AGGRESSIVE;
				CLANG_WARN_UNREACHABLE_CODE = YES;
				CLANG_WARN__DUPLICATE_METHOD_MATCH = YES;
				COPY_PHASE_STRIP = NO;
				DEBUG_INFORMATION_FORMAT = dwarf;
				ENABLE_STRICT_OBJC_MSGSEND = YES;
				ENABLE_TESTABILITY = YES;
				ENABLE_USER_SCRIPT_SANDBOXING = YES;
				GCC_C_LANGUAGE_STANDARD = gnu17;
				GCC_DYNAMIC_NO_PIC = NO;
				GCC_NO_COMMON_BLOCKS = YES;
				GCC_OPTIMIZATION_LEVEL = 0;
				GCC_PREPROCESSOR_DEFINITIONS = (
					"DEBUG=1",
					"$(inherited)",
				);
				GCC_WARN_64_TO_32_BIT_CONVERSION = YES;
				GCC_WARN_ABOUT_RETURN_TYPE = YES_ERROR;
				GCC_WARN_UNDECLARED_SELECTOR = YES;
				GCC_WARN_UNINITIALIZED_AUTOS = YES_AGGRESSIVE;
				GCC_WARN_UNUSED_FUNCTION = YES;
				GCC_WARN_UNUSED_VARIABLE = YES;
				IPHONEOS_DEPLOYMENT_TARGET = 26.2;
				LOCALIZATION_PREFERS_STRING_CATALOGS = YES;
				MTL_ENABLE_DEBUG_INFO = INCLUDE_SOURCE;
				MTL_FAST_MATH = YES;
				ONLY_ACTIVE_ARCH = YES;
				SDKROOT = iphoneos;
				SWIFT_ACTIVE_COMPILATION_CONDITIONS = "DEBUG $(inherited)";
				SWIFT_OPTIMIZATION_LEVEL = "-Onone";
			};
			name = Debug;
		};
		C16F3C2C2F241A0800FDE39A /* Release */ = {
			isa = XCBuildConfiguration;
			buildSettings = {
				ALWAYS_SEARCH_USER_PATHS = NO;
				ASSETCATALOG_COMPILER_GENERATE_SWIFT_ASSET_SYMBOL_EXTENSIONS = YES;
				CLANG_ANALYZER_NONNULL = YES;
				CLANG_ANALYZER_NUMBER_OBJECT_CONVERSION = YES_AGGRESSIVE;
				CLANG_CXX_LANGUAGE_STANDARD = "gnu++20";
				CLANG_ENABLE_MODULES = YES;
				CLANG_ENABLE_OBJC_ARC = YES;
				CLANG_ENABLE_OBJC_WEAK = YES;
				CLANG_WARN_BLOCK_CAPTURE_AUTORELEASING = YES;
				CLANG_WARN_BOOL_CONVERSION = YES;
				CLANG_WARN_COMMA = YES;
				CLANG_WARN_CONSTANT_CONVERSION = YES;
				CLANG_WARN_DEPRECATED_OBJC_IMPLEMENTATIONS = YES;
				CLANG_WARN_DIRECT_OBJC_ISA_USAGE = YES_ERROR;
				CLANG_WARN_DOCUMENTATION_COMMENTS = YES;
				CLANG_WARN_EMPTY_BODY = YES;
				CLANG_WARN_ENUM_CONVERSION = YES;
				CLANG_WARN_INFINITE_RECURSION = YES;
				CLANG_WARN_INT_CONVERSION = YES;
				CLANG_WARN_NON_LITERAL_NULL_CONVERSION = YES;
				CLANG_WARN_OBJC_IMPLICIT_RETAIN_SELF = YES;
				CLANG_WARN_OBJC_LITERAL_CONVERSION = YES;
				CLANG_WARN_OBJC_ROOT_CLASS = YES_ERROR;
				CLANG_WARN_QUOTED_INCLUDE_IN_FRAMEWORK_HEADER = YES;
				CLANG_WARN_RANGE_LOOP_ANALYSIS = YES;
				CLANG_WARN_STRICT_PROTOTYPES = YES;
				CLANG_WARN_SUSPICIOUS_MOVE = YES;
				CLANG_WARN_UNGUARDED_AVAILABILITY = YES_AGGRESSIVE;
				CLANG_WARN_UNREACHABLE_CODE = YES;
				CLANG_WARN__DUPLICATE_METHOD_MATCH = YES;
				COPY_PHASE_STRIP = NO;
				DEBUG_INFORMATION_FORMAT = "dwarf-with-dsym";
				ENABLE_NS_ASSERTIONS = NO;
				ENABLE_STRICT_OBJC_MSGSEND = YES;
				ENABLE_USER_SCRIPT_SANDBOXING = YES;
				GCC_C_LANGUAGE_STANDARD = gnu17;
				GCC_NO_COMMON_BLOCKS = YES;
				GCC_WARN_64_TO_32_BIT_CONVERSION = YES;
				GCC_WARN_ABOUT_RETURN_TYPE = YES_ERROR;
				GCC_WARN_UNDECLARED_SELECTOR = YES;
				GCC_WARN_UNINITIALIZED_AUTOS = YES_AGGRESSIVE;
				GCC_WARN_UNUSED_FUNCTION = YES;
				GCC_WARN_UNUSED_VARIABLE = YES;
				IPHONEOS_DEPLOYMENT_TARGET = 26.2;
				LOCALIZATION_PREFERS_STRING_CATALOGS = YES;
				MTL_ENABLE_DEBUG_INFO = NO;
				MTL_FAST_MATH = YES;
				SDKROOT = iphoneos;
				SWIFT_COMPILATION_MODE = wholemodule;
				VALIDATE_PRODUCT = YES;
			};
			name = Release;
		};
		C16F3C2E2F241A0800FDE39A /* Debug */ = {
			isa = XCBuildConfiguration;
			buildSettings = {
				ASSETCATALOG_COMPILER_APPICON_NAME = AppIcon;
				ASSETCATALOG_COMPILER_GLOBAL_ACCENT_COLOR_NAME = AccentColor;
				CODE_SIGN_STYLE = Automatic;
				CURRENT_PROJECT_VERSION = 1;
				ENABLE_PREVIEWS = YES;
				GENERATE_INFOPLIST_FILE = YES;
				INFOPLIST_FILE = triviataxi/Info.plist;
				INFOPLIST_KEY_UIApplicationSceneManifest_Generation = YES;
				INFOPLIST_KEY_UIApplicationSupportsIndirectInputEvents = YES;
				INFOPLIST_KEY_UILaunchScreen_Generation = YES;
				INFOPLIST_KEY_UISupportedInterfaceOrientations_iPad = "UIInterfaceOrientationPortrait UIInterfaceOrientationPortraitUpsideDown UIInterfaceOrientationLandscapeLeft UIInterfaceOrientationLandscapeRight";
				INFOPLIST_KEY_UISupportedInterfaceOrientations_iPhone = "UIInterfaceOrientationPortrait UIInterfaceOrientationLandscapeLeft UIInterfaceOrientationLandscapeRight";
				LD_RUNPATH_SEARCH_PATHS = (
					"$(inherited)",
					"@executable_path/Frameworks",
				);
				MARKETING_VERSION = 1.0;
				PRODUCT_BUNDLE_IDENTIFIER = vandycs4279.triviataxi;
				PRODUCT_NAME = "$(TARGET_NAME)";
				STRING_CATALOG_GENERATE_SYMBOLS = YES;
				SWIFT_APPROACHABLE_CONCURRENCY = YES;
				SWIFT_DEFAULT_ACTOR_ISOLATION = MainActor;
				SWIFT_EMIT_LOC_STRINGS = YES;
				SWIFT_UPCOMING_FEATURE_MEMBER_IMPORT_VISIBILITY = YES;
				SWIFT_VERSION = 5.0;
				TARGETED_DEVICE_FAMILY = "1,2";
			};
			name = Debug;
		};
		C16F3C2F2F241A0800FDE39A /* Release */ = {
			isa = XCBuildConfiguration;
			buildSettings = {
				ASSETCATALOG_COMPILER_APPICON_NAME = AppIcon;
				ASSETCATALOG_COMPILER_GLOBAL_ACCENT_COLOR_NAME = AccentColor;
				CODE_SIGN_STYLE = Automatic;
				CURRENT_PROJECT_VERSION = 1;
				ENABLE_PREVIEWS = YES;
				GENERATE_INFOPLIST_FILE = YES;
				INFOPLIST_FILE = triviataxi/Info.plist;
				INFOPLIST_KEY_UIApplicationSceneManifest_Generation = YES;
				INFOPLIST_KEY_UIApplicationSupportsIndirectInputEvents = YES;
				INFOPLIST_KEY_UILaunchScreen_Generation = YES;
				INFOPLIST_KEY_UISupportedInterfaceOrientations_iPad = "UIInterfaceOrientationPortrait UIInterfaceOrientationPortraitUpsideDown UIInterfaceOrientationLandscapeLeft UIInterfaceOrientationLandscapeRight";
				INFOPLIST_KEY_UISupportedInterfaceOrientations_iPhone = "UIInterfaceOrientationPortrait UIInterfaceOrientationLandscapeLeft UIInterfaceOrientationLandscapeRight";
				LD_RUNPATH_SEARCH_PATHS = (
					"$(inherited)",
					"@executable_path/Frameworks",
				);
				MARKETING_VERSION = 1.0;
				PRODUCT_BUNDLE_IDENTIFIER = vandycs4279.triviataxi;
				PRODUCT_NAME = "$(TARGET_NAME)";
				STRING_CATALOG_GENERATE_SYMBOLS = YES;
				SWIFT_APPROACHABLE_CONCURRENCY = YES;
				SWIFT_DEFAULT_ACTOR_ISOLATION = MainActor;
				SWIFT_EMIT_LOC_STRINGS = YES;
				SWIFT_UPCOMING_FEATURE_MEMBER_IMPORT_VISIBILITY = YES;
				SWIFT_VERSION = 5.0;
				TARGETED_DEVICE_FAMILY = "1,2";
			};
			name = Release;
		};
/* End XCBuildConfiguration section */

/* Begin XCConfigurationList section */
		C16F3C1D2F241A0600FDE39A /* Build configuration list for PBXProject "triviataxi" */ = {
			isa = XCConfigurationList;
			buildConfigurations = (
				C16F3C2B2F241A0800FDE39A /* Debug */,
				C16F3C2C2F241A0800FDE39A /* Release */,
			);
			defaultConfigurationIsVisible = 0;
			defaultConfigurationName = Release;
		};
		C16F3C2D2F241A0800FDE39A /* Build configuration list for PBXNativeTarget "triviataxi" */ = {
			isa = XCConfigurationList;
			buildConfigurations = (
				C16F3C2E2F241A0800FDE39A /* Debug */,
				C16F3C2F2F241A0800FDE39A /* Release */,
			);
			defaultConfigurationIsVisible = 0;
			defaultConfigurationName = Release;
		};
/* End XCConfigurationList section */

/* Begin XCRemoteSwiftPackageReference section */
		36890AF92F325FBC001B2671 /* XCRemoteSwiftPackageReference "firebase-ios-sdk" */ = {
			isa = XCRemoteSwiftPackageReference;
			repositoryURL = "https://github.com/firebase/firebase-ios-sdk";
			requirement = {
				kind = upToNextMajorVersion;
				minimumVersion = 12.8.0;
			};
		};
		C1230C4E2F310E7E0018DE7E /* XCRemoteSwiftPackageReference "mapbox-navigation-ios" */ = {
			isa = XCRemoteSwiftPackageReference;
			repositoryURL = "https://github.com/mapbox/mapbox-navigation-ios.git";
			requirement = {
				kind = upToNextMajorVersion;
				minimumVersion = 3.18.1;
			};
		};
		C16F3C352F280D2F00FDE39A /* XCRemoteSwiftPackageReference "mapbox-maps-ios" */ = {
			isa = XCRemoteSwiftPackageReference;
			repositoryURL = "https://github.com/mapbox/mapbox-maps-ios.git";
			requirement = {
				kind = upToNextMajorVersion;
				minimumVersion = 11.0.0;
			};
		};
/* End XCRemoteSwiftPackageReference section */

/* Begin XCSwiftPackageProductDependency section */
		36890AFA2F325FBC001B2671 /* FirebaseAnalytics */ = {
			isa = XCSwiftPackageProductDependency;
			package = 36890AF92F325FBC001B2671 /* XCRemoteSwiftPackageReference "firebase-ios-sdk" */;
			productName = FirebaseAnalytics;
		};
		36890AFC2F325FBC001B2671 /* FirebaseAnalyticsCore */ = {
			isa = XCSwiftPackageProductDependency;
			package = 36890AF92F325FBC001B2671 /* XCRemoteSwiftPackageReference "firebase-ios-sdk" */;
			productName = FirebaseAnalyticsCore;
		};
		36890AFE2F325FBC001B2671 /* FirebaseAuth */ = {
			isa = XCSwiftPackageProductDependency;
			package = 36890AF92F325FBC001B2671 /* XCRemoteSwiftPackageReference "firebase-ios-sdk" */;
			productName = FirebaseAuth;
		};
		36890B002F325FBC001B2671 /* FirebaseCore */ = {
			isa = XCSwiftPackageProductDependency;
			package = 36890AF92F325FBC001B2671 /* XCRemoteSwiftPackageReference "firebase-ios-sdk" */;
			productName = FirebaseCore;
		};
		36890B022F325FBC001B2671 /* FirebaseDatabase */ = {
			isa = XCSwiftPackageProductDependency;
			package = 36890AF92F325FBC001B2671 /* XCRemoteSwiftPackageReference "firebase-ios-sdk" */;
			productName = FirebaseDatabase;
		};
		36890B042F325FBC001B2671 /* FirebaseFirestore */ = {
			isa = XCSwiftPackageProductDependency;
			package = 36890AF92F325FBC001B2671 /* XCRemoteSwiftPackageReference "firebase-ios-sdk" */;
			productName = FirebaseFirestore;
		};
		C1230C4F2F310E7E0018DE7E /* MapboxNavigationCore */ = {
			isa = XCSwiftPackageProductDependency;
			package = C1230C4E2F310E7E0018DE7E /* XCRemoteSwiftPackageReference "mapbox-navigation-ios" */;
			productName = MapboxNavigationCore;
		};
		C1230C512F310E7E0018DE7E /* MapboxNavigationUIKit */ = {
			isa = XCSwiftPackageProductDependency;
			package = C1230C4E2F310E7E0018DE7E /* XCRemoteSwiftPackageReference "mapbox-navigation-ios" */;
			productName = MapboxNavigationUIKit;
		};
		C16F3C362F280D2F00FDE39A /* MapboxMaps */ = {
			isa = XCSwiftPackageProductDependency;
			package = C16F3C352F280D2F00FDE39A /* XCRemoteSwiftPackageReference "mapbox-maps-ios" */;
			productName = MapboxMaps;
		};
/* End XCSwiftPackageProductDependency section */
	};
	rootObject = C16F3C1A2F241A0600FDE39A /* Project object */;
}
